
Microsoft Visual Studio Solution File, Format Version 12.00
# Visual Studio 15
VisualStudioVersion = 15.0.28307.1022
MinimumVisualStudioVersion = 10.0.40219.1
Project("{FAE04EC0-301F-11D3-BF4B-00C04F79EFBC}") = "Homework08Q02", "Homework08Q02\Homework08Q02.csproj", "{5B917A3F-CC48-4892-A027-2D97F3B2B3ED}"
EndProject
Global
	GlobalSection(SolutionConfigurationPlatforms) = preSolution
		Debug|Any CPU = Debug|Any CPU
		Release|Any CPU = Release|Any CPU
	EndGlobalSection
	GlobalSection(ProjectConfigurationPlatforms) = postSolution
		{5B917A3F-CC48-4892-A027-2D97F3B2B3ED}.Debug|Any CPU.ActiveCfg = Debug|Any CPU
		{5B917A3F-CC48-4892-A027-2D97F3B2B3ED}.Debug|Any CPU.Build.0 = Debug|Any CPU
		{5B917A3F-CC48-4892-A027-2D97F3B2B3ED}.Release|Any CPU.ActiveCfg = Release|Any CPU
		{5B917A3F-CC48-4892-A027-2D97F3B2B3ED}.Release|Any CPU.Build.0 = Release|Any CPU
	EndGlobalSection
	GlobalSection(SolutionProperties) = preSolution
		HideSolutionNode = FALSE
	EndGlobalSection
	GlobalSection(ExtensibilityGlobals) = postSolution
		SolutionGuid = {84807387-9667-46EC-8287-FAD60FD5F9D1}
	EndGlobalSection
EndGlobal
