
Microsoft Visual Studio Solution File, Format Version 12.00
# Visual Studio 15
VisualStudioVersion = 15.0.28307.1022
MinimumVisualStudioVersion = 10.0.40219.1
Project("{FAE04EC0-301F-11D3-BF4B-00C04F79EFBC}") = "Homework6", "Homework6\Homework6.csproj", "{DB72329A-C163-4FAF-A06A-8F4D4B1415CD}"
EndProject
Global
	GlobalSection(SolutionConfigurationPlatforms) = preSolution
		Debug|Any CPU = Debug|Any CPU
		Release|Any CPU = Release|Any CPU
	EndGlobalSection
	GlobalSection(ProjectConfigurationPlatforms) = postSolution
		{DB72329A-C163-4FAF-A06A-8F4D4B1415CD}.Debug|Any CPU.ActiveCfg = Debug|Any CPU
		{DB72329A-C163-4FAF-A06A-8F4D4B1415CD}.Debug|Any CPU.Build.0 = Debug|Any CPU
		{DB72329A-C163-4FAF-A06A-8F4D4B1415CD}.Release|Any CPU.ActiveCfg = Release|Any CPU
		{DB72329A-C163-4FAF-A06A-8F4D4B1415CD}.Release|Any CPU.Build.0 = Release|Any CPU
	EndGlobalSection
	GlobalSection(SolutionProperties) = preSolution
		HideSolutionNode = FALSE
	EndGlobalSection
	GlobalSection(ExtensibilityGlobals) = postSolution
		SolutionGuid = {07E8DA65-20BB-45C7-AD6B-1B38118D46D4}
	EndGlobalSection
EndGlobal
