
Microsoft Visual Studio Solution File, Format Version 12.00
# Visual Studio 15
VisualStudioVersion = 15.0.28307.1022
MinimumVisualStudioVersion = 10.0.40219.1
Project("{FAE04EC0-301F-11D3-BF4B-00C04F79EFBC}") = "Homework05Q01", "Homework05Q01\Homework05Q01.csproj", "{DD0519FE-C76E-4A57-8497-BD0A0DDDC041}"
EndProject
Global
	GlobalSection(SolutionConfigurationPlatforms) = preSolution
		Debug|Any CPU = Debug|Any CPU
		Release|Any CPU = Release|Any CPU
	EndGlobalSection
	GlobalSection(ProjectConfigurationPlatforms) = postSolution
		{DD0519FE-C76E-4A57-8497-BD0A0DDDC041}.Debug|Any CPU.ActiveCfg = Debug|Any CPU
		{DD0519FE-C76E-4A57-8497-BD0A0DDDC041}.Debug|Any CPU.Build.0 = Debug|Any CPU
		{DD0519FE-C76E-4A57-8497-BD0A0DDDC041}.Release|Any CPU.ActiveCfg = Release|Any CPU
		{DD0519FE-C76E-4A57-8497-BD0A0DDDC041}.Release|Any CPU.Build.0 = Release|Any CPU
	EndGlobalSection
	GlobalSection(SolutionProperties) = preSolution
		HideSolutionNode = FALSE
	EndGlobalSection
	GlobalSection(ExtensibilityGlobals) = postSolution
		SolutionGuid = {4C3DF842-7FD0-40A1-9C4C-90F220693873}
	EndGlobalSection
EndGlobal
